
Microsoft Visual Studio Solution File, Format Version 12.00
# Visual Studio 15
VisualStudioVersion = 15.0.28307.489
MinimumVisualStudioVersion = 10.0.40219.1
Project("{FAE04EC0-301F-11D3-BF4B-00C04F79EFBC}") = "web.api", "web-api\web.api.csproj", "{1C5887C7-6AD2-4847-BE4A-C2E9FB275EBF}"
EndProject
Global
	GlobalSection(SolutionConfigurationPlatforms) = preSolution
		Debug|Any CPU = Debug|Any CPU
		Release|Any CPU = Release|Any CPU
	EndGlobalSection
	GlobalSection(ProjectConfigurationPlatforms) = postSolution
		{1C5887C7-6AD2-4847-BE4A-C2E9FB275EBF}.Debug|Any CPU.ActiveCfg = Debug|Any CPU
		{1C5887C7-6AD2-4847-BE4A-C2E9FB275EBF}.Debug|Any CPU.Build.0 = Debug|Any CPU
		{1C5887C7-6AD2-4847-BE4A-C2E9FB275EBF}.Release|Any CPU.ActiveCfg = Release|Any CPU
		{1C5887C7-6AD2-4847-BE4A-C2E9FB275EBF}.Release|Any CPU.Build.0 = Release|Any CPU
	EndGlobalSection
	GlobalSection(SolutionProperties) = preSolution
		HideSolutionNode = FALSE
	EndGlobalSection
	GlobalSection(ExtensibilityGlobals) = postSolution
		SolutionGuid = {80C636C2-FB52-49C3-A0BE-24A3A50DCDB5}
	EndGlobalSection
EndGlobal
